github.com/bhendo/go-powershell v0.0.0-20190719160123-219e7fb4e41e h1:KCjb01YiNoRaJ5c+SbnPLWjVzU9vqRYHg3e5JcN50nM=
github.com/bhendo/go-powershell v0.0.0-20190719160123-219e7fb4e41e/go.mod h1:f7vw6ObmmNcyFQLhZX9eUGBJGpnwTJFDvVjqZxIxHWY=
github.com/juju/errors v1.0.0 h1:yiq7kjCLll1BiaRuNY53MGI0+EQ3rF6GB+wvboZDefM=
github.com/juju/errors v1.0.0/go.mod h1:B5x9thDqx0wIMH3+aLIMP9HjItInYWObRovoCFM5Qe8=
